
Microsoft Visual Studio Solution File, Format Version 10.00
# Visual Studio 2008
Project("{FAE04EC0-301F-11D3-BF4B-00C04F79EFBC}") = "sharp-obsidian", "sharp-obsidian.csproj", "{A59E3BC3-0D09-4F86-95BE-A3E22C7381F0}"
EndProject
Global
	GlobalSection(SolutionConfigurationPlatforms) = preSolution
		Debug|Any CPU = Debug|Any CPU
		Release|Any CPU = Release|Any CPU
	EndGlobalSection
	GlobalSection(ProjectConfigurationPlatforms) = postSolution
		{620DAE32-84D9-4295-8DB9-843FF58D2B4B}.Debug|Any CPU.ActiveCfg = Debug|Any CPU
		{620DAE32-84D9-4295-8DB9-843FF58D2B4B}.Release|Any CPU.ActiveCfg = Release|Any CPU
		{A59E3BC3-0D09-4F86-95BE-A3E22C7381F0}.Debug|Any CPU.ActiveCfg = Debug|Any CPU
		{A59E3BC3-0D09-4F86-95BE-A3E22C7381F0}.Debug|Any CPU.Build.0 = Debug|Any CPU
		{A59E3BC3-0D09-4F86-95BE-A3E22C7381F0}.Release|Any CPU.ActiveCfg = Release|Any CPU
		{A59E3BC3-0D09-4F86-95BE-A3E22C7381F0}.Release|Any CPU.Build.0 = Release|Any CPU
	EndGlobalSection
	GlobalSection(MonoDevelopProperties) = preSolution
		StartupItem = sharp-obsidian.csproj
		Policies = $0
		$0.VersionControlPolicy = $1
		$1.inheritsSet = Mono
		$0.ChangeLogPolicy = $2
		$2.UpdateMode = ProjectRoot
		$2.MessageStyle = $3
		$3.LineAlign = 0
		$2.inheritsSet = Mono
	EndGlobalSection
	GlobalSection(SolutionProperties) = preSolution
		HideSolutionNode = FALSE
	EndGlobalSection
EndGlobal
